# This file is automatically @generated by Cargo.
# It is not intended for manual editing.
version = 3

[[package]]
name = "adler"
version = "1.0.2"
source = "registry+https://github.com/rust-lang/crates.io-index"
checksum = "f26201604c87b1e01bd3d98f8d5d9a8fcbb815e8cedb41ffccbeb4bf593a35fe"

[[package]]
name = "android_log-sys"
version = "0.2.0"
source = "registry+https://github.com/rust-lang/crates.io-index"
checksum = "85965b6739a430150bdd138e2374a98af0c3ee0d030b3bb7fc3bddff58d0102e"

[[package]]
name = "android_logger"
version = "0.11.1"
source = "registry+https://github.com/rust-lang/crates.io-index"
checksum = "b5e9dd62f37dea550caf48c77591dc50bd1a378ce08855be1a0c42a97b7550fb"
dependencies = [
 "android_log-sys",
 "env_logger",
 "log",
 "once_cell",
]

[[package]]
name = "anyhow"
version = "1.0.68"
source = "registry+https://github.com/rust-lang/crates.io-index"
checksum = "2cb2f989d18dd141ab8ae82f64d1a8cdd37e0840f73a406896cf5e99502fab61"

[[package]]
name = "arrayref"
version = "0.3.6"
source = "registry+https://github.com/rust-lang/crates.io-index"
checksum = "a4c527152e37cf757a3f78aae5a06fbeefdb07ccc535c980a3208ee3060dd544"

[[package]]
name = "askama"
version = "0.11.1"
source = "registry+https://github.com/rust-lang/crates.io-index"
checksum = "fb98f10f371286b177db5eeb9a6e5396609555686a35e1d4f7b9a9c6d8af0139"
dependencies = [
 "askama_derive",
 "askama_escape",
 "askama_shared",
]

[[package]]
name = "askama_derive"
version = "0.11.2"
source = "registry+https://github.com/rust-lang/crates.io-index"
checksum = "87bf87e6e8b47264efa9bde63d6225c6276a52e05e91bf37eaa8afd0032d6b71"
dependencies = [
 "askama_shared",
 "proc-macro2",
 "syn",
]

[[package]]
name = "askama_escape"
version = "0.10.3"
source = "registry+https://github.com/rust-lang/crates.io-index"
checksum = "619743e34b5ba4e9703bba34deac3427c72507c7159f5fd030aea8cac0cfe341"

[[package]]
name = "askama_shared"
version = "0.12.2"
source = "registry+https://github.com/rust-lang/crates.io-index"
checksum = "bf722b94118a07fcbc6640190f247334027685d4e218b794dbfe17c32bf38ed0"
dependencies = [
 "askama_escape",
 "mime",
 "mime_guess",
 "nom",
 "proc-macro2",
 "quote",
 "serde",
 "syn",
 "toml",
]

[[package]]
name = "atty"
version = "0.2.14"
source = "registry+https://github.com/rust-lang/crates.io-index"
checksum = "d9b39be18770d11421cdb1b9947a45dd3f37e93092cbf377614828a319d5fee8"
dependencies = [
 "hermit-abi",
 "libc",
 "winapi",
]

[[package]]
name = "autocfg"
version = "1.1.0"
source = "registry+https://github.com/rust-lang/crates.io-index"
checksum = "d468802bab17cbc0cc575e9b053f41e72aa36bfa6b7f55e3529ffa43161b97fa"

[[package]]
name = "bincode"
version = "1.3.3"
source = "registry+https://github.com/rust-lang/crates.io-index"
checksum = "b1f45e9417d87227c7a56d22e471c6206462cba514c7590c09aff4cf6d1ddcad"
dependencies = [
 "serde",
]

[[package]]
name = "bitflags"
version = "1.3.2"
source = "registry+https://github.com/rust-lang/crates.io-index"
checksum = "bef38d45163c2f1dde094a7dfd33ccf595c92905c8f8f4fdc18d06fb1037718a"

[[package]]
name = "byteorder"
version = "1.4.3"
source = "registry+https://github.com/rust-lang/crates.io-index"
checksum = "14c189c53d098945499cdfa7ecc63567cf3886b3332b312a5b4585d8d3a6a610"

[[package]]
name = "bytes"
version = "1.3.0"
source = "registry+https://github.com/rust-lang/crates.io-index"
checksum = "dfb24e866b15a1af2a1b663f10c6b6b8f397a84aadb828f12e5b289ec23a3a3c"

[[package]]
name = "camino"
version = "1.1.1"
source = "registry+https://github.com/rust-lang/crates.io-index"
checksum = "88ad0e1e3e88dd237a156ab9f571021b8a158caa0ae44b1968a241efb5144c1e"
dependencies = [
 "serde",
]

[[package]]
name = "cargo-platform"
version = "0.1.2"
source = "registry+https://github.com/rust-lang/crates.io-index"
checksum = "cbdb825da8a5df079a43676dbe042702f1707b1109f713a01420fbb4cc71fa27"
dependencies = [
 "serde",
]

[[package]]
name = "cargo_metadata"
version = "0.15.2"
source = "registry+https://github.com/rust-lang/crates.io-index"
checksum = "982a0cf6a99c350d7246035613882e376d58cebe571785abc5da4f648d53ac0a"
dependencies = [
 "camino",
 "cargo-platform",
 "semver",
 "serde",
 "serde_json",
 "thiserror",
]

[[package]]
name = "cc"
version = "1.0.75"
source = "registry+https://github.com/rust-lang/crates.io-index"
checksum = "41ca34107f97baef6cfb231b32f36115781856b8f8208e8c580e0bcaea374842"

[[package]]
name = "cfg-if"
version = "1.0.0"
source = "registry+https://github.com/rust-lang/crates.io-index"
checksum = "baf1de4339761588bc0619e3cbc0120ee582ebb74b53b4efbf79117bd2da40fd"

[[package]]
name = "chrono"
version = "0.4.19"
source = "registry+https://github.com/rust-lang/crates.io-index"
checksum = "670ad68c9088c2a963aaa298cb369688cf3f9465ce5e2d4ca10e6e0098a1ce73"
dependencies = [
 "libc",
 "num-integer",
 "num-traits",
 "serde",
 "time",
 "winapi",
]

[[package]]
name = "crc32fast"
version = "1.3.2"
source = "registry+https://github.com/rust-lang/crates.io-index"
checksum = "b540bd8bc810d3885c6ea91e2018302f68baba2129ab3e88f32389ee9370880d"
dependencies = [
 "cfg-if",
]

[[package]]
name = "crossbeam-channel"
version = "0.5.6"
source = "registry+https://github.com/rust-lang/crates.io-index"
checksum = "c2dd04ddaf88237dc3b8d8f9a3c1004b506b54b3313403944054d23c0870c521"
dependencies = [
 "cfg-if",
 "crossbeam-utils",
]

[[package]]
name = "crossbeam-utils"
version = "0.8.8"
source = "registry+https://github.com/rust-lang/crates.io-index"
checksum = "0bf124c720b7686e3c2663cf54062ab0f68a88af2fb6a030e87e30bf721fcb38"
dependencies = [
 "cfg-if",
 "lazy_static",
]

[[package]]
name = "ctor"
version = "0.1.26"
source = "registry+https://github.com/rust-lang/crates.io-index"
checksum = "6d2301688392eb071b0bf1a37be05c469d3cc4dbbd95df672fe28ab021e6a096"
dependencies = [
 "quote",
 "syn",
]

[[package]]
name = "dashmap"
version = "4.0.2"
source = "registry+https://github.com/rust-lang/crates.io-index"
checksum = "e77a43b28d0668df09411cb0bc9a8c2adc40f9a048afe863e05fd43251e8e39c"
dependencies = [
 "cfg-if",
 "num_cpus",
]

[[package]]
name = "either"
version = "1.6.1"
source = "registry+https://github.com/rust-lang/crates.io-index"
checksum = "e78d4f1cc4ae33bbfc157ed5d5a5ef3bc29227303d595861deb238fcec4e9457"

[[package]]
name = "embedded-uniffi-bindgen"
version = "0.1.0"
dependencies = [
 "anyhow",
 "camino",
 "uniffi_bindgen",
]

[[package]]
name = "env_logger"
version = "0.9.3"
source = "registry+https://github.com/rust-lang/crates.io-index"
checksum = "a12e6657c4c97ebab115a42dcee77225f7f482cdd841cf7088c657a42e9e00e7"
dependencies = [
 "atty",
 "humantime",
 "log",
 "termcolor",
]

[[package]]
name = "fastrand"
version = "1.7.0"
source = "registry+https://github.com/rust-lang/crates.io-index"
checksum = "c3fcf0cee53519c866c09b5de1f6c56ff9d647101f81c1964fa632e148896cdf"
dependencies = [
 "instant",
]

[[package]]
name = "flate2"
version = "1.0.25"
source = "registry+https://github.com/rust-lang/crates.io-index"
checksum = "a8a2db397cb1c8772f31494cb8917e48cd1e64f0fa7efac59fbd741a0a8ce841"
dependencies = [
 "crc32fast",
 "miniz_oxide",
]

[[package]]
name = "form_urlencoded"
version = "1.1.0"
source = "registry+https://github.com/rust-lang/crates.io-index"
checksum = "a9c384f161156f5260c24a097c56119f9be8c798586aecc13afbcbe7b7e26bf8"
dependencies = [
 "percent-encoding",
]

[[package]]
name = "fs-err"
version = "2.9.0"
source = "registry+https://github.com/rust-lang/crates.io-index"
checksum = "0845fa252299212f0389d64ba26f34fa32cfe41588355f21ed507c59a0f64541"

[[package]]
name = "getrandom"
version = "0.2.8"
source = "registry+https://github.com/rust-lang/crates.io-index"
checksum = "c05aeb6a22b8f62540c194aac980f2115af067bfe15a0734d7277a768d396b31"
dependencies = [
 "cfg-if",
 "libc",
 "wasi 0.11.0+wasi-snapshot-preview1",
]

[[package]]
name = "glean"
version = "52.2.0"
dependencies = [
 "chrono",
 "crossbeam-channel",
 "env_logger",
 "flate2",
 "glean-core",
 "inherent",
 "jsonschema-valid",
 "log",
 "once_cell",
 "serde",
 "serde_json",
 "tempfile",
 "thiserror",
 "time",
 "uuid",
 "whatsys",
]

[[package]]
name = "glean-build"
version = "7.0.0"
dependencies = [
 "xshell-venv",
]

[[package]]
name = "glean-bundle"
version = "1.0.0"
dependencies = [
 "glean-core",
]

[[package]]
name = "glean-bundle-android"
version = "1.0.0"
dependencies = [
 "glean-core",
]

[[package]]
name = "glean-core"
version = "52.2.0"
dependencies = [
 "android_logger",
 "bincode",
 "chrono",
 "crossbeam-channel",
 "ctor",
 "env_logger",
 "flate2",
 "iso8601",
 "log",
 "once_cell",
 "oslog",
 "remove_dir_all",
 "rkv",
 "serde",
 "serde_json",
 "tempfile",
 "thiserror",
 "time",
 "uniffi",
 "uuid",
 "zeitstempel",
]

[[package]]
name = "glob"
version = "0.3.0"
source = "registry+https://github.com/rust-lang/crates.io-index"
checksum = "9b919933a397b79c37e33b77bb2aa3dc8eb6e165ad809e58ff75bc7db2e34574"

[[package]]
name = "goblin"
version = "0.6.0"
source = "registry+https://github.com/rust-lang/crates.io-index"
checksum = "572564d6cba7d09775202c8e7eebc4d534d5ae36578ab402fb21e182a0ac9505"
dependencies = [
 "log",
 "plain",
 "scroll",
]

[[package]]
name = "heck"
version = "0.4.0"
source = "registry+https://github.com/rust-lang/crates.io-index"
checksum = "2540771e65fc8cb83cd6e8a237f70c319bd5c29f78ed1084ba5d50eeac86f7f9"

[[package]]
name = "hermit-abi"
version = "0.1.19"
source = "registry+https://github.com/rust-lang/crates.io-index"
checksum = "62b467343b94ba476dcb2500d242dadbb39557df889310ac77c5d99100aaac33"
dependencies = [
 "libc",
]

[[package]]
name = "humantime"
version = "2.1.0"
source = "registry+https://github.com/rust-lang/crates.io-index"
checksum = "9a3a5bfb195931eeb336b2a7b4d761daec841b97f947d34394601737a7bba5e4"

[[package]]
name = "id-arena"
version = "2.2.1"
source = "registry+https://github.com/rust-lang/crates.io-index"
checksum = "25a2bc672d1148e28034f176e01fffebb08b35768468cc954630da77a1449005"

[[package]]
name = "idna"
version = "0.3.0"
source = "registry+https://github.com/rust-lang/crates.io-index"
checksum = "e14ddfc70884202db2244c223200c204c2bda1bc6e0998d11b5e024d657209e6"
dependencies = [
 "unicode-bidi",
 "unicode-normalization",
]

[[package]]
name = "inherent"
version = "1.0.3"
source = "registry+https://github.com/rust-lang/crates.io-index"
checksum = "a036328c11e86e024522cb1e9b78ba9df3e316995e004e98854a18e4a326d2e1"
dependencies = [
 "proc-macro2",
 "quote",
 "syn",
]

[[package]]
name = "instant"
version = "0.1.12"
source = "registry+https://github.com/rust-lang/crates.io-index"
checksum = "7a5bbe824c507c5da5956355e86a746d82e0e1464f65d862cc5e71da70e94b2c"
dependencies = [
 "cfg-if",
]

[[package]]
name = "iri-string"
version = "0.5.6"
source = "registry+https://github.com/rust-lang/crates.io-index"
checksum = "bf071934ee7ee97e52fa1868a9540a7885eab75926bd70794030304a9797cea1"

[[package]]
name = "iso8601"
version = "0.4.2"
source = "registry+https://github.com/rust-lang/crates.io-index"
checksum = "e5b94fbeb759754d87e1daea745bc8efd3037cd16980331fe1d1524c9a79ce96"
dependencies = [
 "nom",
]

[[package]]
name = "itertools"
version = "0.10.3"
source = "registry+https://github.com/rust-lang/crates.io-index"
checksum = "a9a9d19fa1e79b6215ff29b9d6880b706147f16e9b1dbb1e4e5947b5b02bc5e3"
dependencies = [
 "either",
]

[[package]]
name = "itoa"
version = "1.0.4"
source = "registry+https://github.com/rust-lang/crates.io-index"
checksum = "4217ad341ebadf8d8e724e264f13e593e0648f5b3e94b3896a5df283be015ecc"

[[package]]
name = "json-pointer"
version = "0.3.4"
source = "registry+https://github.com/rust-lang/crates.io-index"
checksum = "5fe841b94e719a482213cee19dd04927cf412f26d8dc84c5a446c081e49c2997"
dependencies = [
 "serde_json",
]

[[package]]
name = "jsonschema-valid"
version = "0.5.1"
source = "registry+https://github.com/rust-lang/crates.io-index"
checksum = "e4a5b406d02c4158320b6891a37495522c928553f487c88930c3256f90a82afe"
dependencies = [
 "chrono",
 "iri-string",
 "itertools",
 "json-pointer",
 "lazy_static",
 "percent-encoding",
 "regex",
 "serde_json",
 "textwrap",
 "url",
]

[[package]]
name = "lazy_static"
version = "1.4.0"
source = "registry+https://github.com/rust-lang/crates.io-index"
checksum = "e2abad23fbc42b3700f2f279844dc832adb2b2eb069b2df918f455c4e18cc646"

[[package]]
name = "libc"
version = "0.2.138"
source = "registry+https://github.com/rust-lang/crates.io-index"
checksum = "db6d7e329c562c5dfab7a46a2afabc8b987ab9a4834c9d1ca04dc54c1546cef8"

[[package]]
name = "lmdb-rkv"
version = "0.14.0"
source = "registry+https://github.com/rust-lang/crates.io-index"
checksum = "447a296f7aca299cfbb50f4e4f3d49451549af655fb7215d7f8c0c3d64bad42b"
dependencies = [
 "bitflags",
 "byteorder",
 "libc",
 "lmdb-rkv-sys",
]

[[package]]
name = "lmdb-rkv-sys"
version = "0.11.2"
source = "registry+https://github.com/rust-lang/crates.io-index"
checksum = "61b9ce6b3be08acefa3003c57b7565377432a89ec24476bbe72e11d101f852fe"
dependencies = [
 "cc",
 "libc",
 "pkg-config",
]

[[package]]
name = "log"
version = "0.4.17"
source = "registry+https://github.com/rust-lang/crates.io-index"
checksum = "abb12e687cfb44aa40f41fc3978ef76448f9b6038cad6aef4259d3c095a2382e"
dependencies = [
 "cfg-if",
]

[[package]]
name = "memchr"
version = "2.5.0"
source = "registry+https://github.com/rust-lang/crates.io-index"
checksum = "2dffe52ecf27772e601905b7522cb4ef790d2cc203488bbd0e2fe85fcb74566d"

[[package]]
name = "mime"
version = "0.3.16"
source = "registry+https://github.com/rust-lang/crates.io-index"
checksum = "2a60c7ce501c71e03a9c9c0d35b861413ae925bd979cc7a4e30d060069aaac8d"

[[package]]
name = "mime_guess"
version = "2.0.4"
source = "registry+https://github.com/rust-lang/crates.io-index"
checksum = "4192263c238a5f0d0c6bfd21f336a313a4ce1c450542449ca191bb657b4642ef"
dependencies = [
 "mime",
 "unicase",
]

[[package]]
name = "minimal-lexical"
version = "0.2.1"
source = "registry+https://github.com/rust-lang/crates.io-index"
checksum = "68354c5c6bd36d73ff3feceb05efa59b6acb7626617f4962be322a825e61f79a"

[[package]]
name = "miniz_oxide"
version = "0.6.2"
source = "registry+https://github.com/rust-lang/crates.io-index"
checksum = "b275950c28b37e794e8c55d88aeb5e139d0ce23fdbbeda68f8d7174abdf9e8fa"
dependencies = [
 "adler",
]

[[package]]
name = "nom"
version = "7.1.1"
source = "registry+https://github.com/rust-lang/crates.io-index"
checksum = "a8903e5a29a317527874d0402f867152a3d21c908bb0b933e416c65e301d4c36"
dependencies = [
 "memchr",
 "minimal-lexical",
]

[[package]]
name = "num-integer"
version = "0.1.45"
source = "registry+https://github.com/rust-lang/crates.io-index"
checksum = "225d3389fb3509a24c93f5c29eb6bde2586b98d9f016636dff58d7c6f7569cd9"
dependencies = [
 "autocfg",
 "num-traits",
]

[[package]]
name = "num-traits"
version = "0.2.15"
source = "registry+https://github.com/rust-lang/crates.io-index"
checksum = "578ede34cf02f8924ab9447f50c28075b4d3e5b269972345e7e0372b38c6cdcd"
dependencies = [
 "autocfg",
]

[[package]]
name = "num_cpus"
version = "1.13.1"
source = "registry+https://github.com/rust-lang/crates.io-index"
checksum = "19e64526ebdee182341572e50e9ad03965aa510cd94427a4549448f285e957a1"
dependencies = [
 "hermit-abi",
 "libc",
]

[[package]]
name = "once_cell"
version = "1.17.0"
source = "registry+https://github.com/rust-lang/crates.io-index"
checksum = "6f61fba1741ea2b3d6a1e3178721804bb716a68a6aeba1149b5d52e3d464ea66"

[[package]]
name = "ordered-float"
version = "3.2.0"
source = "registry+https://github.com/rust-lang/crates.io-index"
checksum = "129d36517b53c461acc6e1580aeb919c8ae6708a4b1eae61c4463a615d4f0411"
dependencies = [
 "num-traits",
]

[[package]]
name = "oslog"
version = "0.1.0"
source = "registry+https://github.com/rust-lang/crates.io-index"
checksum = "8343ce955f18e7e68c0207dd0ea776ec453035685395ababd2ea651c569728b3"
dependencies = [
 "cc",
 "dashmap",
 "log",
]

[[package]]
name = "paste"
version = "1.0.10"
source = "registry+https://github.com/rust-lang/crates.io-index"
checksum = "cf1c2c742266c2f1041c914ba65355a83ae8747b05f208319784083583494b4b"

[[package]]
name = "percent-encoding"
version = "2.2.0"
source = "registry+https://github.com/rust-lang/crates.io-index"
checksum = "478c572c3d73181ff3c2539045f6eb99e5491218eae919370993b890cdbdd98e"

[[package]]
name = "pkg-config"
version = "0.3.26"
source = "registry+https://github.com/rust-lang/crates.io-index"
checksum = "6ac9a59f73473f1b8d852421e59e64809f025994837ef743615c6d0c5b305160"

[[package]]
name = "plain"
version = "0.2.3"
source = "registry+https://github.com/rust-lang/crates.io-index"
checksum = "b4596b6d070b27117e987119b4dac604f3c58cfb0b191112e24771b2faeac1a6"

[[package]]
name = "proc-macro2"
version = "1.0.47"
source = "registry+https://github.com/rust-lang/crates.io-index"
checksum = "5ea3d908b0e36316caf9e9e2c4625cdde190a7e6f440d794667ed17a1855e725"
dependencies = [
 "unicode-ident",
]

[[package]]
name = "quote"
version = "1.0.21"
source = "registry+https://github.com/rust-lang/crates.io-index"
checksum = "bbe448f377a7d6961e30f5955f9b8d106c3f5e449d493ee1b125c1d43c2b5179"
dependencies = [
 "proc-macro2",
]

[[package]]
name = "redox_syscall"
version = "0.2.13"
source = "registry+https://github.com/rust-lang/crates.io-index"
checksum = "62f25bc4c7e55e0b0b7a1d43fb893f4fa1361d0abe38b9ce4f323c2adfe6ef42"
dependencies = [
 "bitflags",
]

[[package]]
name = "regex"
version = "1.6.0"
source = "registry+https://github.com/rust-lang/crates.io-index"
checksum = "4c4eb3267174b8c6c2f654116623910a0fef09c4753f8dd83db29c48a0df988b"
dependencies = [
 "regex-syntax",
]

[[package]]
name = "regex-syntax"
version = "0.6.27"
source = "registry+https://github.com/rust-lang/crates.io-index"
checksum = "a3f87b73ce11b1619a3c6332f45341e0047173771e8b8b73f87bfeefb7b56244"

[[package]]
name = "remove_dir_all"
version = "0.5.3"
source = "registry+https://github.com/rust-lang/crates.io-index"
checksum = "3acd125665422973a33ac9d3dd2df85edad0f4ae9b00dafb1a05e43a9f5ef8e7"
dependencies = [
 "winapi",
]

[[package]]
name = "rkv"
version = "0.18.4"
source = "registry+https://github.com/rust-lang/crates.io-index"
checksum = "9f0ea3af1393b22f8fe25615b6fa5d13072b7b622e66acffc8b12b2baa0342b1"
dependencies = [
 "arrayref",
 "bincode",
 "bitflags",
 "byteorder",
 "id-arena",
 "lazy_static",
 "lmdb-rkv",
 "log",
 "ordered-float",
 "paste",
 "serde",
 "serde_derive",
 "thiserror",
 "url",
 "uuid",
]

[[package]]
name = "ryu"
version = "1.0.11"
source = "registry+https://github.com/rust-lang/crates.io-index"
checksum = "4501abdff3ae82a1c1b477a17252eb69cee9e66eb915c1abaa4f44d873df9f09"

[[package]]
name = "sample"
version = "0.1.0"
dependencies = [
 "env_logger",
 "glean",
 "glean-build",
 "tempfile",
]

[[package]]
name = "scroll"
version = "0.11.0"
source = "registry+https://github.com/rust-lang/crates.io-index"
checksum = "04c565b551bafbef4157586fa379538366e4385d42082f255bfd96e4fe8519da"
dependencies = [
 "scroll_derive",
]

[[package]]
name = "scroll_derive"
version = "0.11.0"
source = "registry+https://github.com/rust-lang/crates.io-index"
checksum = "bdbda6ac5cd1321e724fa9cee216f3a61885889b896f073b8f82322789c5250e"
dependencies = [
 "proc-macro2",
 "quote",
 "syn",
]

[[package]]
name = "semver"
version = "1.0.14"
source = "registry+https://github.com/rust-lang/crates.io-index"
checksum = "e25dfac463d778e353db5be2449d1cce89bd6fd23c9f1ea21310ce6e5a1b29c4"
dependencies = [
 "serde",
]

[[package]]
name = "serde"
version = "1.0.150"
source = "registry+https://github.com/rust-lang/crates.io-index"
checksum = "e326c9ec8042f1b5da33252c8a37e9ffbd2c9bef0155215b6e6c80c790e05f91"
dependencies = [
 "serde_derive",
]

[[package]]
name = "serde_derive"
version = "1.0.150"
source = "registry+https://github.com/rust-lang/crates.io-index"
checksum = "42a3df25b0713732468deadad63ab9da1f1fd75a48a15024b50363f128db627e"
dependencies = [
 "proc-macro2",
 "quote",
 "syn",
]

[[package]]
name = "serde_json"
version = "1.0.89"
source = "registry+https://github.com/rust-lang/crates.io-index"
checksum = "020ff22c755c2ed3f8cf162dbb41a7268d934702f3ed3631656ea597e08fc3db"
dependencies = [
 "itoa",
 "ryu",
 "serde",
]

[[package]]
name = "siphasher"
version = "0.3.10"
source = "registry+https://github.com/rust-lang/crates.io-index"
checksum = "7bd3e3206899af3f8b12af284fafc038cc1dc2b41d1b89dd17297221c5d225de"

[[package]]
name = "static_assertions"
version = "1.1.0"
source = "registry+https://github.com/rust-lang/crates.io-index"
checksum = "a2eb9349b6444b326872e140eb1cf5e7c522154d69e7a0ffb0fb81c06b37543f"

[[package]]
name = "syn"
version = "1.0.105"
source = "registry+https://github.com/rust-lang/crates.io-index"
checksum = "60b9b43d45702de4c839cb9b51d9f529c5dd26a4aff255b42b1ebc03e88ee908"
dependencies = [
 "proc-macro2",
 "quote",
 "unicode-ident",
]

[[package]]
name = "tempfile"
version = "3.3.0"
source = "registry+https://github.com/rust-lang/crates.io-index"
checksum = "5cdb1ef4eaeeaddc8fbd371e5017057064af0911902ef36b39801f67cc6d79e4"
dependencies = [
 "cfg-if",
 "fastrand",
 "libc",
 "redox_syscall",
 "remove_dir_all",
 "winapi",
]

[[package]]
name = "termcolor"
version = "1.1.3"
source = "registry+https://github.com/rust-lang/crates.io-index"
checksum = "bab24d30b911b2376f3a13cc2cd443142f0c81dda04c118693e35b3835757755"
dependencies = [
 "winapi-util",
]

[[package]]
name = "textwrap"
version = "0.15.2"
source = "registry+https://github.com/rust-lang/crates.io-index"
checksum = "b7b3e525a49ec206798b40326a44121291b530c963cfb01018f63e135bac543d"

[[package]]
name = "thiserror"
version = "1.0.37"
source = "registry+https://github.com/rust-lang/crates.io-index"
checksum = "10deb33631e3c9018b9baf9dcbbc4f737320d2b576bac10f6aefa048fa407e3e"
dependencies = [
 "thiserror-impl",
]

[[package]]
name = "thiserror-impl"
version = "1.0.37"
source = "registry+https://github.com/rust-lang/crates.io-index"
checksum = "982d17546b47146b28f7c22e3d08465f6b8903d0ea13c1660d9d84a6e7adcdbb"
dependencies = [
 "proc-macro2",
 "quote",
 "syn",
]

[[package]]
name = "time"
version = "0.1.45"
source = "registry+https://github.com/rust-lang/crates.io-index"
checksum = "1b797afad3f312d1c66a56d11d0316f916356d11bd158fbc6ca6389ff6bf805a"
dependencies = [
 "libc",
 "wasi 0.10.0+wasi-snapshot-preview1",
 "winapi",
]

[[package]]
name = "tinyvec"
version = "1.6.0"
source = "registry+https://github.com/rust-lang/crates.io-index"
checksum = "87cc5ceb3875bb20c2890005a4e226a4651264a5c75edb2421b52861a0a0cb50"
dependencies = [
 "tinyvec_macros",
]

[[package]]
name = "tinyvec_macros"
version = "0.1.0"
source = "registry+https://github.com/rust-lang/crates.io-index"
checksum = "cda74da7e1a664f795bb1f8a87ec406fb89a02522cf6e50620d016add6dbbf5c"

[[package]]
name = "toml"
version = "0.5.10"
source = "registry+https://github.com/rust-lang/crates.io-index"
checksum = "1333c76748e868a4d9d1017b5ab53171dfd095f70c712fdb4653a406547f598f"
dependencies = [
 "serde",
]

[[package]]
name = "unicase"
version = "2.6.0"
source = "registry+https://github.com/rust-lang/crates.io-index"
checksum = "50f37be617794602aabbeee0be4f259dc1778fabe05e2d67ee8f79326d5cb4f6"
dependencies = [
 "version_check",
]

[[package]]
name = "unicode-bidi"
version = "0.3.8"
source = "registry+https://github.com/rust-lang/crates.io-index"
checksum = "099b7128301d285f79ddd55b9a83d5e6b9e97c92e0ea0daebee7263e932de992"

[[package]]
name = "unicode-ident"
version = "1.0.5"
source = "registry+https://github.com/rust-lang/crates.io-index"
checksum = "6ceab39d59e4c9499d4e5a8ee0e2735b891bb7308ac83dfb4e80cad195c9f6f3"

[[package]]
name = "unicode-normalization"
version = "0.1.22"
source = "registry+https://github.com/rust-lang/crates.io-index"
checksum = "5c5713f0fc4b5db668a2ac63cdb7bb4469d8c9fed047b1d0292cc7b0ce2ba921"
dependencies = [
 "tinyvec",
]

[[package]]
name = "uniffi"
version = "0.23.0"
source = "registry+https://github.com/rust-lang/crates.io-index"
checksum = "f71cc01459bc34cfe43fabf32b39f1228709bc6db1b3a664a92940af3d062376"
dependencies = [
 "anyhow",
 "uniffi_build",
 "uniffi_core",
 "uniffi_macros",
]

[[package]]
name = "uniffi_bindgen"
version = "0.23.0"
source = "registry+https://github.com/rust-lang/crates.io-index"
checksum = "dbbba5103051c18f10b22f80a74439ddf7100273f217a547005d2735b2498994"
dependencies = [
 "anyhow",
 "askama",
 "bincode",
 "camino",
 "fs-err",
 "glob",
 "goblin",
 "heck",
 "once_cell",
 "paste",
 "serde",
 "serde_json",
 "toml",
 "uniffi_meta",
 "uniffi_testing",
 "weedle2",
]

[[package]]
name = "uniffi_build"
version = "0.23.0"
source = "registry+https://github.com/rust-lang/crates.io-index"
checksum = "0ee1a28368ff3d83717e3d3e2e15a66269c43488c3f036914131bb68892f29fb"
dependencies = [
 "anyhow",
 "camino",
 "uniffi_bindgen",
]

[[package]]
name = "uniffi_checksum_derive"
version = "0.23.0"
source = "registry+https://github.com/rust-lang/crates.io-index"
checksum = "03de61393a42b4ad4984a3763c0600594ac3e57e5aaa1d05cede933958987c03"
dependencies = [
 "quote",
 "syn",
]

[[package]]
name = "uniffi_core"
version = "0.23.0"
source = "registry+https://github.com/rust-lang/crates.io-index"
checksum = "7a2b4852d638d74ca2d70e450475efb6d91fe6d54a7cd8d6bd80ad2ee6cd7daa"
dependencies = [
 "anyhow",
 "bytes",
 "camino",
 "cargo_metadata",
 "log",
 "once_cell",
 "paste",
 "static_assertions",
]

[[package]]
name = "uniffi_macros"
version = "0.23.0"
source = "registry+https://github.com/rust-lang/crates.io-index"
checksum = "fa03394de21e759e0022f1ea8d992d2e39290d735b9ed52b1f74b20a684f794e"
dependencies = [
 "bincode",
 "camino",
 "fs-err",
 "once_cell",
 "proc-macro2",
 "quote",
 "serde",
 "syn",
 "toml",
 "uniffi_build",
 "uniffi_meta",
]

[[package]]
name = "uniffi_meta"
version = "0.23.0"
source = "registry+https://github.com/rust-lang/crates.io-index"
checksum = "66fdab2c436aed7a6391bec64204ec33948bfed9b11b303235740771f85c4ea6"
dependencies = [
 "serde",
 "siphasher",
 "uniffi_checksum_derive",
]

[[package]]
name = "uniffi_testing"
version = "0.23.0"
source = "registry+https://github.com/rust-lang/crates.io-index"
checksum = "92b0570953ec41d97ce23e3b92161ac18231670a1f97523258a6d2ab76d7f76c"
dependencies = [
 "anyhow",
 "camino",
 "cargo_metadata",
 "fs-err",
 "once_cell",
 "serde",
 "serde_json",
]

[[package]]
name = "url"
version = "2.3.1"
source = "registry+https://github.com/rust-lang/crates.io-index"
checksum = "0d68c799ae75762b8c3fe375feb6600ef5602c883c5d21eb51c09f22b83c4643"
dependencies = [
 "form_urlencoded",
 "idna",
 "percent-encoding",
]

[[package]]
name = "uuid"
version = "1.2.2"
source = "registry+https://github.com/rust-lang/crates.io-index"
checksum = "422ee0de9031b5b948b97a8fc04e3aa35230001a722ddd27943e0be31564ce4c"
dependencies = [
 "getrandom",
]

[[package]]
name = "version_check"
version = "0.9.4"
source = "registry+https://github.com/rust-lang/crates.io-index"
checksum = "49874b5167b65d7193b8aba1567f5c7d93d001cafc34600cee003eda787e483f"

[[package]]
name = "wasi"
version = "0.10.0+wasi-snapshot-preview1"
source = "registry+https://github.com/rust-lang/crates.io-index"
checksum = "1a143597ca7c7793eff794def352d41792a93c481eb1042423ff7ff72ba2c31f"

[[package]]
name = "wasi"
version = "0.11.0+wasi-snapshot-preview1"
source = "registry+https://github.com/rust-lang/crates.io-index"
checksum = "9c8d87e72b64a3b4db28d11ce29237c246188f4f51057d65a7eab63b7987e423"

[[package]]
name = "weedle2"
version = "4.0.0"
source = "registry+https://github.com/rust-lang/crates.io-index"
checksum = "2e79c5206e1f43a2306fd64bdb95025ee4228960f2e6c5a8b173f3caaf807741"
dependencies = [
 "nom",
]

[[package]]
name = "whatsys"
version = "0.3.1"
source = "registry+https://github.com/rust-lang/crates.io-index"
checksum = "bb632c0076024630111a08ca9fcbd34736c80d10b9ae517077487b0c82f46a36"
dependencies = [
 "cc",
 "cfg-if",
 "libc",
]

[[package]]
name = "winapi"
version = "0.3.9"
source = "registry+https://github.com/rust-lang/crates.io-index"
checksum = "5c839a674fcd7a98952e593242ea400abe93992746761e38641405d28b00f419"
dependencies = [
 "winapi-i686-pc-windows-gnu",
 "winapi-x86_64-pc-windows-gnu",
]

[[package]]
name = "winapi-i686-pc-windows-gnu"
version = "0.4.0"
source = "registry+https://github.com/rust-lang/crates.io-index"
checksum = "ac3b87c63620426dd9b991e5ce0329eff545bccbbb34f3be09ff6fb6ab51b7b6"

[[package]]
name = "winapi-util"
version = "0.1.5"
source = "registry+https://github.com/rust-lang/crates.io-index"
checksum = "70ec6ce85bb158151cae5e5c87f95a8e97d2c0c4b001223f33a334e3ce5de178"
dependencies = [
 "winapi",
]

[[package]]
name = "winapi-x86_64-pc-windows-gnu"
version = "0.4.0"
source = "registry+https://github.com/rust-lang/crates.io-index"
checksum = "712e227841d057c1ee1cd2fb22fa7e5a5461ae8e48fa2ca79ec42cfc1931183f"

[[package]]
name = "xshell"
version = "0.2.2"
source = "registry+https://github.com/rust-lang/crates.io-index"
checksum = "6d47097dc5c85234b1e41851b3422dd6d19b3befdd35b4ae5ce386724aeca981"
dependencies = [
 "xshell-macros",
]

[[package]]
name = "xshell-macros"
version = "0.2.2"
source = "registry+https://github.com/rust-lang/crates.io-index"
checksum = "88301b56c26dd9bf5c43d858538f82d6f3f7764767defbc5d34e59459901c41a"

[[package]]
name = "xshell-venv"
version = "1.1.0"
source = "registry+https://github.com/rust-lang/crates.io-index"
checksum = "f43c2e9236bfd40d392b5ef2c073ef2719f7c69a758293cec4d8eff909a8917c"
dependencies = [
 "xshell",
]

[[package]]
name = "zeitstempel"
version = "0.1.1"
source = "registry+https://github.com/rust-lang/crates.io-index"
checksum = "eeea3eb6a30ed24e374f59368d3917c5180a845fdd4ed6f1b2278811a9e826f8"
dependencies = [
 "cfg-if",
 "libc",
 "once_cell",
]
